
Microsoft Visual Studio Solution File, Format Version 12.00
# Visual Studio 15
VisualStudioVersion = 15.0.26403.0
MinimumVisualStudioVersion = 10.0.40219.1
Project("{2150E333-8FDC-42A3-9474-1A3956D46DE8}") = "src", "src", "{298246C4-F1D9-4472-A630-4A46F473FABB}"
EndProject
Project("{2150E333-8FDC-42A3-9474-1A3956D46DE8}") = "tests", "tests", "{0F5F1469-6918-43D3-A296-87E3FA08CF23}"
EndProject
Project("{9A19103F-16F7-4668-BE54-9A1E7A4F7556}") = "Nest.Searchify", "src\Nest.Searchify\Nest.Searchify.csproj", "{B4874200-235E-4918-9F1F-1E3C67F7D199}"
EndProject
Project("{9A19103F-16F7-4668-BE54-9A1E7A4F7556}") = "Nest.Searchify.Tests", "tests\Nest.Searchify.Tests\Nest.Searchify.Tests.csproj", "{BEE12680-9932-4650-B922-EC72CF83C017}"
EndProject
Global
	GlobalSection(SolutionConfigurationPlatforms) = preSolution
		Debug|Any CPU = Debug|Any CPU
		Release|Any CPU = Release|Any CPU
	EndGlobalSection
	GlobalSection(ProjectConfigurationPlatforms) = postSolution
		{B4874200-235E-4918-9F1F-1E3C67F7D199}.Debug|Any CPU.ActiveCfg = Debug|Any CPU
		{B4874200-235E-4918-9F1F-1E3C67F7D199}.Debug|Any CPU.Build.0 = Debug|Any CPU
		{B4874200-235E-4918-9F1F-1E3C67F7D199}.Release|Any CPU.ActiveCfg = Release|Any CPU
		{B4874200-235E-4918-9F1F-1E3C67F7D199}.Release|Any CPU.Build.0 = Release|Any CPU
		{BEE12680-9932-4650-B922-EC72CF83C017}.Debug|Any CPU.ActiveCfg = Debug|Any CPU
		{BEE12680-9932-4650-B922-EC72CF83C017}.Debug|Any CPU.Build.0 = Debug|Any CPU
		{BEE12680-9932-4650-B922-EC72CF83C017}.Release|Any CPU.ActiveCfg = Release|Any CPU
		{BEE12680-9932-4650-B922-EC72CF83C017}.Release|Any CPU.Build.0 = Release|Any CPU
	EndGlobalSection
	GlobalSection(SolutionProperties) = preSolution
		HideSolutionNode = FALSE
	EndGlobalSection
	GlobalSection(NestedProjects) = preSolution
		{B4874200-235E-4918-9F1F-1E3C67F7D199} = {298246C4-F1D9-4472-A630-4A46F473FABB}
		{BEE12680-9932-4650-B922-EC72CF83C017} = {0F5F1469-6918-43D3-A296-87E3FA08CF23}
	EndGlobalSection
EndGlobal
